
Microsoft Visual Studio Solution File, Format Version 12.00
# Visual Studio Version 17
VisualStudioVersion = 17.13.35919.96 d17.13
MinimumVisualStudioVersion = 10.0.40219.1
Project("{FAE04EC0-301F-11D3-BF4B-00C04F79EFBC}") = "Assignment 1.3.2", "Assignment 1.3.2.csproj", "{4FCB06AA-84FA-446B-AB1C-6CC1A669866C}"
EndProject
Global
	GlobalSection(SolutionConfigurationPlatforms) = preSolution
		Debug|Any CPU = Debug|Any CPU
		Release|Any CPU = Release|Any CPU
	EndGlobalSection
	GlobalSection(ProjectConfigurationPlatforms) = postSolution
		{4FCB06AA-84FA-446B-AB1C-6CC1A669866C}.Debug|Any CPU.ActiveCfg = Debug|Any CPU
		{4FCB06AA-84FA-446B-AB1C-6CC1A669866C}.Debug|Any CPU.Build.0 = Debug|Any CPU
		{4FCB06AA-84FA-446B-AB1C-6CC1A669866C}.Release|Any CPU.ActiveCfg = Release|Any CPU
		{4FCB06AA-84FA-446B-AB1C-6CC1A669866C}.Release|Any CPU.Build.0 = Release|Any CPU
	EndGlobalSection
	GlobalSection(SolutionProperties) = preSolution
		HideSolutionNode = FALSE
	EndGlobalSection
	GlobalSection(ExtensibilityGlobals) = postSolution
		SolutionGuid = {8EC05207-5112-4154-A29A-DC253505B385}
	EndGlobalSection
EndGlobal
